// !$*UTF8*$!
{
	archiveVersion = 1;
	classes = {
	};
	objectVersion = 55;
	objects = {

/* Begin PBXBuildFile section */
		F50782C02887299600A5B675 /* DootyApp.swift in Sources */ = {isa = PBXBuildFile; fileRef = F50782BF2887299600A5B675 /* DootyApp.swift */; };
		F50782C22887299600A5B675 /* ContentView.swift in Sources */ = {isa = PBXBuildFile; fileRef = F50782C12887299600A5B675 /* ContentView.swift */; };
		F50782C42887299700A5B675 /* Assets.xcassets in Resources */ = {isa = PBXBuildFile; fileRef = F50782C32887299700A5B675 /* Assets.xcassets */; };
		F50782C72887299700A5B675 /* Preview Assets.xcassets in Resources */ = {isa = PBXBuildFile; fileRef = F50782C62887299700A5B675 /* Preview Assets.xcassets */; };
		F50782C92887299700A5B675 /* Persistence.swift in Sources */ = {isa = PBXBuildFile; fileRef = F50782C82887299700A5B675 /* Persistence.swift */; };
		F50782CC2887299700A5B675 /* Dooty.xcdatamodeld in Sources */ = {isa = PBXBuildFile; fileRef = F50782CA2887299700A5B675 /* Dooty.xcdatamodeld */; };
		F52798FD288ED8E40081B250 /* ViewTask.swift in Sources */ = {isa = PBXBuildFile; fileRef = F52798FC288ED8E40081B250 /* ViewTask.swift */; };
		F53C7717288D450F008257F9 /* DootyListView.swift in Sources */ = {isa = PBXBuildFile; fileRef = F53C7716288D450F008257F9 /* DootyListView.swift */; };
		F53C7719288D4BA1008257F9 /* AddView.swift in Sources */ = {isa = PBXBuildFile; fileRef = F53C7718288D4BA1008257F9 /* AddView.swift */; };
/* End PBXBuildFile section */

/* Begin PBXFileReference section */
		F50782BC2887299600A5B675 /* Dooty.app */ = {isa = PBXFileReference; explicitFileType = wrapper.application; includeInIndex = 0; path = Dooty.app; sourceTree = BUILT_PRODUCTS_DIR; };
		F50782BF2887299600A5B675 /* DootyApp.swift */ = {isa = PBXFileReference; lastKnownFileType = sourcecode.swift; path = DootyApp.swift; sourceTree = "<group>"; };
		F50782C12887299600A5B675 /* ContentView.swift */ = {isa = PBXFileReference; lastKnownFileType = sourcecode.swift; path = ContentView.swift; sourceTree = "<group>"; };
		F50782C32887299700A5B675 /* Assets.xcassets */ = {isa = PBXFileReference; lastKnownFileType = folder.assetcatalog; path = Assets.xcassets; sourceTree = "<group>"; };
		F50782C62887299700A5B675 /* Preview Assets.xcassets */ = {isa = PBXFileReference; lastKnownFileType = folder.assetcatalog; path = "Preview Assets.xcassets"; sourceTree = "<group>"; };
		F50782C82887299700A5B675 /* Persistence.swift */ = {isa = PBXFileReference; lastKnownFileType = sourcecode.swift; path = Persistence.swift; sourceTree = "<group>"; };
		F50782CB2887299700A5B675 /* Dooty.xcdatamodel */ = {isa = PBXFileReference; lastKnownFileType = wrapper.xcdatamodel; path = Dooty.xcdatamodel; sourceTree = "<group>"; };
		F52798FC288ED8E40081B250 /* ViewTask.swift */ = {isa = PBXFileReference; lastKnownFileType = sourcecode.swift; path = ViewTask.swift; sourceTree = "<group>"; };
		F53C7716288D450F008257F9 /* DootyListView.swift */ = {isa = PBXFileReference; lastKnownFileType = sourcecode.swift; path = DootyListView.swift; sourceTree = "<group>"; };
		F53C7718288D4BA1008257F9 /* AddView.swift */ = {isa = PBXFileReference; lastKnownFileType = sourcecode.swift; path = AddView.swift; sourceTree = "<group>"; };
/* End PBXFileReference section */

/* Begin PBXFrameworksBuildPhase section */
		F50782B92887299600A5B675 /* Frameworks */ = {
			isa = PBXFrameworksBuildPhase;
			buildActionMask = 2147483647;
			files = (
			);
			runOnlyForDeploymentPostprocessing = 0;
		};
/* End PBXFrameworksBuildPhase section */

/* Begin PBXGroup section */
		F50782B32887299600A5B675 = {
			isa = PBXGroup;
			children = (
				F50782BE2887299600A5B675 /* Dooty */,
				F50782BD2887299600A5B675 /* Products */,
			);
			sourceTree = "<group>";
		};
		F50782BD2887299600A5B675 /* Products */ = {
			isa = PBXGroup;
			children = (
				F50782BC2887299600A5B675 /* Dooty.app */,
			);
			name = Products;
			sourceTree = "<group>";
		};
		F50782BE2887299600A5B675 /* Dooty */ = {
			isa = PBXGroup;
			children = (
				F50782BF2887299600A5B675 /* DootyApp.swift */,
				F53C7718288D4BA1008257F9 /* AddView.swift */,
				F52798FC288ED8E40081B250 /* ViewTask.swift */,
				F53C7716288D450F008257F9 /* DootyListView.swift */,
				F50782C12887299600A5B675 /* ContentView.swift */,
				F50782C32887299700A5B675 /* Assets.xcassets */,
				F50782C82887299700A5B675 /* Persistence.swift */,
				F50782CA2887299700A5B675 /* Dooty.xcdatamodeld */,
				F50782C52887299700A5B675 /* Preview Content */,
			);
			path = Dooty;
			sourceTree = "<group>";
		};
		F50782C52887299700A5B675 /* Preview Content */ = {
			isa = PBXGroup;
			children = (
				F50782C62887299700A5B675 /* Preview Assets.xcassets */,
			);
			path = "Preview Content";
			sourceTree = "<group>";
		};
/* End PBXGroup section */

/* Begin PBXNativeTarget section */
		F50782BB2887299600A5B675 /* Dooty */ = {
			isa = PBXNativeTarget;
			buildConfigurationList = F50782CF2887299700A5B675 /* Build configuration list for PBXNativeTarget "Dooty" */;
			buildPhases = (
				F50782B82887299600A5B675 /* Sources */,
				F50782B92887299600A5B675 /* Frameworks */,
				F50782BA2887299600A5B675 /* Resources */,
			);
			buildRules = (
			);
			dependencies = (
			);
			name = Dooty;
			productName = Dooty;
			productReference = F50782BC2887299600A5B675 /* Dooty.app */;
			productType = "com.apple.product-type.application";
		};
/* End PBXNativeTarget section */

/* Begin PBXProject section */
		F50782B42887299600A5B675 /* Project object */ = {
			isa = PBXProject;
			attributes = {
				BuildIndependentTargetsInParallel = 1;
				LastSwiftUpdateCheck = 1340;
				LastUpgradeCheck = 1340;
				TargetAttributes = {
					F50782BB2887299600A5B675 = {
						CreatedOnToolsVersion = 13.4.1;
					};
				};
			};
			buildConfigurationList = F50782B72887299600A5B675 /* Build configuration list for PBXProject "Dooty" */;
			compatibilityVersion = "Xcode 13.0";
			developmentRegion = en;
			hasScannedForEncodings = 0;
			knownRegions = (
				en,
				Base,
			);
			mainGroup = F50782B32887299600A5B675;
			productRefGroup = F50782BD2887299600A5B675 /* Products */;
			projectDirPath = "";
			projectRoot = "";
			targets = (
				F50782BB2887299600A5B675 /* Dooty */,
			);
		};
/* End PBXProject section */

/* Begin PBXResourcesBuildPhase section */
		F50782BA2887299600A5B675 /* Resources */ = {
			isa = PBXResourcesBuildPhase;
			buildActionMask = 2147483647;
			files = (
				F50782C72887299700A5B675 /* Preview Assets.xcassets in Resources */,
				F50782C42887299700A5B675 /* Assets.xcassets in Resources */,
			);
			runOnlyForDeploymentPostprocessing = 0;
		};
/* End PBXResourcesBuildPhase section */

/* Begin PBXSourcesBuildPhase section */
		F50782B82887299600A5B675 /* Sources */ = {
			isa = PBXSourcesBuildPhase;
			buildActionMask = 2147483647;
			files = (
				F50782C92887299700A5B675 /* Persistence.swift in Sources */,
				F50782CC2887299700A5B675 /* Dooty.xcdatamodeld in Sources */,
				F53C7719288D4BA1008257F9 /* AddView.swift in Sources */,
				F52798FD288ED8E40081B250 /* ViewTask.swift in Sources */,
				F53C7717288D450F008257F9 /* DootyListView.swift in Sources */,
				F50782C22887299600A5B675 /* ContentView.swift in Sources */,
				F50782C02887299600A5B675 /* DootyApp.swift in Sources */,
			);
			runOnlyForDeploymentPostprocessing = 0;
		};
/* End PBXSourcesBuildPhase section */

/* Begin XCBuildConfiguration section */
		F50782CD2887299700A5B675 /* Debug */ = {
			isa = XCBuildConfiguration;
			buildSettings = {
				ALWAYS_SEARCH_USER_PATHS = NO;
				CLANG_ANALYZER_NONNULL = YES;
				CLANG_ANALYZER_NUMBER_OBJECT_CONVERSION = YES_AGGRESSIVE;
				CLANG_CXX_LANGUAGE_STANDARD = "gnu++17";
				CLANG_ENABLE_MODULES = YES;
				CLANG_ENABLE_OBJC_ARC = YES;
				CLANG_ENABLE_OBJC_WEAK = YES;
				CLANG_WARN_BLOCK_CAPTURE_AUTORELEASING = YES;
				CLANG_WARN_BOOL_CONVERSION = YES;
				CLANG_WARN_COMMA = YES;
				CLANG_WARN_CONSTANT_CONVERSION = YES;
				CLANG_WARN_DEPRECATED_OBJC_IMPLEMENTATIONS = YES;
				CLANG_WARN_DIRECT_OBJC_ISA_USAGE = YES_ERROR;
				CLANG_WARN_DOCUMENTATION_COMMENTS = YES;
				CLANG_WARN_EMPTY_BODY = YES;
				CLANG_WARN_ENUM_CONVERSION = YES;
				CLANG_WARN_INFINITE_RECURSION = YES;
				CLANG_WARN_INT_CONVERSION = YES;
				CLANG_WARN_NON_LITERAL_NULL_CONVERSION = YES;
				CLANG_WARN_OBJC_IMPLICIT_RETAIN_SELF = YES;
				CLANG_WARN_OBJC_LITERAL_CONVERSION = YES;
				CLANG_WARN_OBJC_ROOT_CLASS = YES_ERROR;
				CLANG_WARN_QUOTED_INCLUDE_IN_FRAMEWORK_HEADER = YES;
				CLANG_WARN_RANGE_LOOP_ANALYSIS = YES;
				CLANG_WARN_STRICT_PROTOTYPES = YES;
				CLANG_WARN_SUSPICIOUS_MOVE = YES;
				CLANG_WARN_UNGUARDED_AVAILABILITY = YES_AGGRESSIVE;
				CLANG_WARN_UNREACHABLE_CODE = YES;
				CLANG_WARN__DUPLICATE_METHOD_MATCH = YES;
				COPY_PHASE_STRIP = NO;
				DEBUG_INFORMATION_FORMAT = dwarf;
				ENABLE_STRICT_OBJC_MSGSEND = YES;
				ENABLE_TESTABILITY = YES;
				GCC_C_LANGUAGE_STANDARD = gnu11;
				GCC_DYNAMIC_NO_PIC = NO;
				GCC_NO_COMMON_BLOCKS = YES;
				GCC_OPTIMIZATION_LEVEL = 0;
				GCC_PREPROCESSOR_DEFINITIONS = (
					"DEBUG=1",
					"$(inherited)",
				);
				GCC_WARN_64_TO_32_BIT_CONVERSION = YES;
				GCC_WARN_ABOUT_RETURN_TYPE = YES_ERROR;
				GCC_WARN_UNDECLARED_SELECTOR = YES;
				GCC_WARN_UNINITIALIZED_AUTOS = YES_AGGRESSIVE;
				GCC_WARN_UNUSED_FUNCTION = YES;
				GCC_WARN_UNUSED_VARIABLE = YES;
				IPHONEOS_DEPLOYMENT_TARGET = 15.5;
				MTL_ENABLE_DEBUG_INFO = INCLUDE_SOURCE;
				MTL_FAST_MATH = YES;
				ONLY_ACTIVE_ARCH = YES;
				SDKROOT = iphoneos;
				SWIFT_ACTIVE_COMPILATION_CONDITIONS = DEBUG;
				SWIFT_OPTIMIZATION_LEVEL = "-Onone";
			};
			name = Debug;
		};
		F50782CE2887299700A5B675 /* Release */ = {
			isa = XCBuildConfiguration;
			buildSettings = {
				ALWAYS_SEARCH_USER_PATHS = NO;
				CLANG_ANALYZER_NONNULL = YES;
				CLANG_ANALYZER_NUMBER_OBJECT_CONVERSION = YES_AGGRESSIVE;
				CLANG_CXX_LANGUAGE_STANDARD = "gnu++17";
				CLANG_ENABLE_MODULES = YES;
				CLANG_ENABLE_OBJC_ARC = YES;
				CLANG_ENABLE_OBJC_WEAK = YES;
				CLANG_WARN_BLOCK_CAPTURE_AUTORELEASING = YES;
				CLANG_WARN_BOOL_CONVERSION = YES;
				CLANG_WARN_COMMA = YES;
				CLANG_WARN_CONSTANT_CONVERSION = YES;
				CLANG_WARN_DEPRECATED_OBJC_IMPLEMENTATIONS = YES;
				CLANG_WARN_DIRECT_OBJC_ISA_USAGE = YES_ERROR;
				CLANG_WARN_DOCUMENTATION_COMMENTS = YES;
				CLANG_WARN_EMPTY_BODY = YES;
				CLANG_WARN_ENUM_CONVERSION = YES;
				CLANG_WARN_INFINITE_RECURSION = YES;
				CLANG_WARN_INT_CONVERSION = YES;
				CLANG_WARN_NON_LITERAL_NULL_CONVERSION = YES;
				CLANG_WARN_OBJC_IMPLICIT_RETAIN_SELF = YES;
				CLANG_WARN_OBJC_LITERAL_CONVERSION = YES;
				CLANG_WARN_OBJC_ROOT_CLASS = YES_ERROR;
				CLANG_WARN_QUOTED_INCLUDE_IN_FRAMEWORK_HEADER = YES;
				CLANG_WARN_RANGE_LOOP_ANALYSIS = YES;
				CLANG_WARN_STRICT_PROTOTYPES = YES;
				CLANG_WARN_SUSPICIOUS_MOVE = YES;
				CLANG_WARN_UNGUARDED_AVAILABILITY = YES_AGGRESSIVE;
				CLANG_WARN_UNREACHABLE_CODE = YES;
				CLANG_WARN__DUPLICATE_METHOD_MATCH = YES;
				COPY_PHASE_STRIP = NO;
				DEBUG_INFORMATION_FORMAT = "dwarf-with-dsym";
				ENABLE_NS_ASSERTIONS = NO;
				ENABLE_STRICT_OBJC_MSGSEND = YES;
				GCC_C_LANGUAGE_STANDARD = gnu11;
				GCC_NO_COMMON_BLOCKS = YES;
				GCC_WARN_64_TO_32_BIT_CONVERSION = YES;
				GCC_WARN_ABOUT_RETURN_TYPE = YES_ERROR;
				GCC_WARN_UNDECLARED_SELECTOR = YES;
				GCC_WARN_UNINITIALIZED_AUTOS = YES_AGGRESSIVE;
				GCC_WARN_UNUSED_FUNCTION = YES;
				GCC_WARN_UNUSED_VARIABLE = YES;
				IPHONEOS_DEPLOYMENT_TARGET = 15.5;
				MTL_ENABLE_DEBUG_INFO = NO;
				MTL_FAST_MATH = YES;
				SDKROOT = iphoneos;
				SWIFT_COMPILATION_MODE = wholemodule;
				SWIFT_OPTIMIZATION_LEVEL = "-O";
				VALIDATE_PRODUCT = YES;
			};
			name = Release;
		};
		F50782D02887299700A5B675 /* Debug */ = {
			isa = XCBuildConfiguration;
			buildSettings = {
				ASSETCATALOG_COMPILER_APPICON_NAME = AppIcon;
				ASSETCATALOG_COMPILER_GLOBAL_ACCENT_COLOR_NAME = AccentColor;
				CODE_SIGN_STYLE = Automatic;
				CURRENT_PROJECT_VERSION = 1;
				DEVELOPMENT_ASSET_PATHS = "\"Dooty/Preview Content\"";
				DEVELOPMENT_TEAM = 49ECGF3A76;
				ENABLE_PREVIEWS = YES;
				GENERATE_INFOPLIST_FILE = YES;
				INFOPLIST_KEY_UIApplicationSceneManifest_Generation = YES;
				INFOPLIST_KEY_UIApplicationSupportsIndirectInputEvents = YES;
				INFOPLIST_KEY_UILaunchScreen_Generation = YES;
				INFOPLIST_KEY_UISupportedInterfaceOrientations_iPad = "UIInterfaceOrientationPortrait UIInterfaceOrientationPortraitUpsideDown UIInterfaceOrientationLandscapeLeft UIInterfaceOrientationLandscapeRight";
				INFOPLIST_KEY_UISupportedInterfaceOrientations_iPhone = "UIInterfaceOrientationPortrait UIInterfaceOrientationLandscapeLeft UIInterfaceOrientationLandscapeRight";
				LD_RUNPATH_SEARCH_PATHS = (
					"$(inherited)",
					"@executable_path/Frameworks",
				);
				MARKETING_VERSION = 1.0;
				PRODUCT_BUNDLE_IDENTIFIER = InteliFoxGames.Dooty;
				PRODUCT_NAME = "$(TARGET_NAME)";
				SWIFT_EMIT_LOC_STRINGS = YES;
				SWIFT_VERSION = 5.0;
				TARGETED_DEVICE_FAMILY = "1,2";
			};
			name = Debug;
		};
		F50782D12887299700A5B675 /* Release */ = {
			isa = XCBuildConfiguration;
			buildSettings = {
				ASSETCATALOG_COMPILER_APPICON_NAME = AppIcon;
				ASSETCATALOG_COMPILER_GLOBAL_ACCENT_COLOR_NAME = AccentColor;
				CODE_SIGN_STYLE = Automatic;
				CURRENT_PROJECT_VERSION = 1;
				DEVELOPMENT_ASSET_PATHS = "\"Dooty/Preview Content\"";
				DEVELOPMENT_TEAM = 49ECGF3A76;
				ENABLE_PREVIEWS = YES;
				GENERATE_INFOPLIST_FILE = YES;
				INFOPLIST_KEY_UIApplicationSceneManifest_Generation = YES;
				INFOPLIST_KEY_UIApplicationSupportsIndirectInputEvents = YES;
				INFOPLIST_KEY_UILaunchScreen_Generation = YES;
				INFOPLIST_KEY_UISupportedInterfaceOrientations_iPad = "UIInterfaceOrientationPortrait UIInterfaceOrientationPortraitUpsideDown UIInterfaceOrientationLandscapeLeft UIInterfaceOrientationLandscapeRight";
				INFOPLIST_KEY_UISupportedInterfaceOrientations_iPhone = "UIInterfaceOrientationPortrait UIInterfaceOrientationLandscapeLeft UIInterfaceOrientationLandscapeRight";
				LD_RUNPATH_SEARCH_PATHS = (
					"$(inherited)",
					"@executable_path/Frameworks",
				);
				MARKETING_VERSION = 1.0;
				PRODUCT_BUNDLE_IDENTIFIER = InteliFoxGames.Dooty;
				PRODUCT_NAME = "$(TARGET_NAME)";
				SWIFT_EMIT_LOC_STRINGS = YES;
				SWIFT_VERSION = 5.0;
				TARGETED_DEVICE_FAMILY = "1,2";
			};
			name = Release;
		};
/* End XCBuildConfiguration section */

/* Begin XCConfigurationList section */
		F50782B72887299600A5B675 /* Build configuration list for PBXProject "Dooty" */ = {
			isa = XCConfigurationList;
			buildConfigurations = (
				F50782CD2887299700A5B675 /* Debug */,
				F50782CE2887299700A5B675 /* Release */,
			);
			defaultConfigurationIsVisible = 0;
			defaultConfigurationName = Release;
		};
		F50782CF2887299700A5B675 /* Build configuration list for PBXNativeTarget "Dooty" */ = {
			isa = XCConfigurationList;
			buildConfigurations = (
				F50782D02887299700A5B675 /* Debug */,
				F50782D12887299700A5B675 /* Release */,
			);
			defaultConfigurationIsVisible = 0;
			defaultConfigurationName = Release;
		};
/* End XCConfigurationList section */

/* Begin XCVersionGroup section */
		F50782CA2887299700A5B675 /* Dooty.xcdatamodeld */ = {
			isa = XCVersionGroup;
			children = (
				F50782CB2887299700A5B675 /* Dooty.xcdatamodel */,
			);
			currentVersion = F50782CB2887299700A5B675 /* Dooty.xcdatamodel */;
			path = Dooty.xcdatamodeld;
			sourceTree = "<group>";
			versionGroupType = wrapper.xcdatamodel;
		};
/* End XCVersionGroup section */
	};
	rootObject = F50782B42887299600A5B675 /* Project object */;
}
